PODS:
  - boost (1.76.0)
  - DoubleConversion (1.1.6)
  - FBLazyVector (0.68.5)
  - FBReactNativeSpec (0.68.5):
    - RCT-Folly (= 2021.06.28.00-v2)
    - RCTRequired (= 0.68.5)
    - RCTTypeSafety (= 0.68.5)
    - React-Core (= 0.68.5)
    - React-jsi (= 0.68.5)
    - ReactCommon/turbomodule/core (= 0.68.5)
  - fmt (6.2.1)
  - glog (0.3.5)
  - RCT-Folly (2021.06.28.00-v2):
    - boost
    - DoubleConversion
    - fmt (~> 6.2.1)
    - glog
    - RCT-Folly/Default (= 2021.06.28.00-v2)
  - RCT-Folly/Default (2021.06.28.00-v2):
    - boost
    - DoubleConversion
    - fmt (~> 6.2.1)
    - glog
  - RCTRequired (0.68.5)
  - RCTTypeSafety (0.68.5):
    - FBLazyVector (= 0.68.5)
    - RCT-Folly (= 2021.06.28.00-v2)
    - RCTRequired (= 0.68.5)
    - React-Core (= 0.68.5)
  - React (0.68.5):
    - React-Core (= 0.68.5)
    - React-Core/DevSupport (= 0.68.5)
    - React-Core/RCTWebSocket (= 0.68.5)
    - React-RCTActionSheet (= 0.68.5)
    - React-RCTAnimation (= 0.68.5)
    - React-RCTBlob (= 0.68.5)
    - React-RCTImage (= 0.68.5)
    - React-RCTLinking (= 0.68.5)
    - React-RCTNetwork (= 0.68.5)
    - React-RCTSettings (= 0.68.5)
    - React-RCTText (= 0.68.5)
    - React-RCTVibration (= 0.68.5)
  - React-callinvoker (0.68.5)
  - React-Codegen (0.68.5):
    - FBReactNativeSpec (= 0.68.5)
    - RCT-Folly (= 2021.06.28.00-v2)
    - RCTRequired (= 0.68.5)
    - RCTTypeSafety (= 0.68.5)
    - React-Core (= 0.68.5)
    - React-jsi (= 0.68.5)
    - React-jsiexecutor (= 0.68.5)
    - ReactCommon/turbomodule/core (= 0.68.5)
  - React-Core (0.68.5):
    - glog
    - RCT-Folly (= 2021.06.28.00-v2)
    - React-Core/Default (= 0.68.5)
    - React-cxxreact (= 0.68.5)
    - React-jsi (= 0.68.5)
    - React-jsiexecutor (= 0.68.5)
    - React-perflogger (= 0.68.5)
    - Yoga
  - React-Core/CoreModulesHeaders (0.68.5):
    - glog
    - RCT-Folly (= 2021.06.28.00-v2)
    - React-Core/Default
    - React-cxxreact (= 0.68.5)
    - React-jsi (= 0.68.5)
    - React-jsiexecutor (= 0.68.5)
    - React-perflogger (= 0.68.5)
    - Yoga
  - React-Core/Default (0.68.5):
    - glog
    - RCT-Folly (= 2021.06.28.00-v2)
    - React-cxxreact (= 0.68.5)
    - React-jsi (= 0.68.5)
    - React-jsiexecutor (= 0.68.5)
    - React-perflogger (= 0.68.5)
    - Yoga
  - React-Core/DevSupport (0.68.5):
    - glog
    - RCT-Folly (= 2021.06.28.00-v2)
    - React-Core/Default (= 0.68.5)
    - React-Core/RCTWebSocket (= 0.68.5)
    - React-cxxreact (= 0.68.5)
    - React-jsi (= 0.68.5)
    - React-jsiexecutor (= 0.68.5)
    - React-jsinspector (= 0.68.5)
    - React-perflogger (= 0.68.5)
    - Yoga
  - React-Core/RCTActionSheetHeaders (0.68.5):
    - glog
    - RCT-Folly (= 2021.06.28.00-v2)
    - React-Core/Default
    - React-cxxreact (= 0.68.5)
    - React-jsi (= 0.68.5)
    - React-jsiexecutor (= 0.68.5)
    - React-perflogger (= 0.68.5)
    - Yoga
  - React-Core/RCTAnimationHeaders (0.68.5):
    - glog
    - RCT-Folly (= 2021.06.28.00-v2)
    - React-Core/Default
    - React-cxxreact (= 0.68.5)
    - React-jsi (= 0.68.5)
    - React-jsiexecutor (= 0.68.5)
    - React-perflogger (= 0.68.5)
    - Yoga
  - React-Core/RCTBlobHeaders (0.68.5):
    - glog
    - RCT-Folly (= 2021.06.28.00-v2)
    - React-Core/Default
    - React-cxxreact (= 0.68.5)
    - React-jsi (= 0.68.5)
    - React-jsiexecutor (= 0.68.5)
    - React-perflogger (= 0.68.5)
    - Yoga
  - React-Core/RCTImageHeaders (0.68.5):
    - glog
    - RCT-Folly (= 2021.06.28.00-v2)
    - React-Core/Default
    - React-cxxreact (= 0.68.5)
    - React-jsi (= 0.68.5)
    - React-jsiexecutor (= 0.68.5)
    - React-perflogger (= 0.68.5)
    - Yoga
  - React-Core/RCTLinkingHeaders (0.68.5):
    - glog
    - RCT-Folly (= 2021.06.28.00-v2)
    - React-Core/Default
    - React-cxxreact (= 0.68.5)
    - React-jsi (= 0.68.5)
    - React-jsiexecutor (= 0.68.5)
    - React-perflogger (= 0.68.5)
    - Yoga
  - React-Core/RCTNetworkHeaders (0.68.5):
    - glog
    - RCT-Folly (= 2021.06.28.00-v2)
    - React-Core/Default
    - React-cxxreact (= 0.68.5)
    - React-jsi (= 0.68.5)
    - React-jsiexecutor (= 0.68.5)
    - React-perflogger (= 0.68.5)
    - Yoga
  - React-Core/RCTSettingsHeaders (0.68.5):
    - glog
    - RCT-Folly (= 2021.06.28.00-v2)
    - React-Core/Default
    - React-cxxreact (= 0.68.5)
    - React-jsi (= 0.68.5)
    - React-jsiexecutor (= 0.68.5)
    - React-perflogger (= 0.68.5)
    - Yoga
  - React-Core/RCTTextHeaders (0.68.5):
    - glog
    - RCT-Folly (= 2021.06.28.00-v2)
    - React-Core/Default
    - React-cxxreact (= 0.68.5)
    - React-jsi (= 0.68.5)
    - React-jsiexecutor (= 0.68.5)
    - React-perflogger (= 0.68.5)
    - Yoga
  - React-Core/RCTVibrationHeaders (0.68.5):
    - glog
    - RCT-Folly (= 2021.06.28.00-v2)
    - React-Core/Default
    - React-cxxreact (= 0.68.5)
    - React-jsi (= 0.68.5)
    - React-jsiexecutor (= 0.68.5)
    - React-perflogger (= 0.68.5)
    - Yoga
  - React-Core/RCTWebSocket (0.68.5):
    - glog
    - RCT-Folly (= 2021.06.28.00-v2)
    - React-Core/Default (= 0.68.5)
    - React-cxxreact (= 0.68.5)
    - React-jsi (= 0.68.5)
    - React-jsiexecutor (= 0.68.5)
    - React-perflogger (= 0.68.5)
    - Yoga
  - React-CoreModules (0.68.5):
    - RCT-Folly (= 2021.06.28.00-v2)
    - RCTTypeSafety (= 0.68.5)
    - React-Codegen (= 0.68.5)
    - React-Core/CoreModulesHeaders (= 0.68.5)
    - React-jsi (= 0.68.5)
    - React-RCTImage (= 0.68.5)
    - ReactCommon/turbomodule/core (= 0.68.5)
  - React-cxxreact (0.68.5):
    - boost (= 1.76.0)
    - DoubleConversion
    - glog
    - RCT-Folly (= 2021.06.28.00-v2)
    - React-callinvoker (= 0.68.5)
    - React-jsi (= 0.68.5)
    - React-jsinspector (= 0.68.5)
    - React-logger (= 0.68.5)
    - React-perflogger (= 0.68.5)
    - React-runtimeexecutor (= 0.68.5)
  - React-jsi (0.68.5):
    - boost (= 1.76.0)
    - DoubleConversion
    - glog
    - RCT-Folly (= 2021.06.28.00-v2)
    - React-jsi/Default (= 0.68.5)
  - React-jsi/Default (0.68.5):
    - boost (= 1.76.0)
    - DoubleConversion
    - glog
    - RCT-Folly (= 2021.06.28.00-v2)
  - React-jsiexecutor (0.68.5):
    - DoubleConversion
    - glog
    - RCT-Folly (= 2021.06.28.00-v2)
    - React-cxxreact (= 0.68.5)
    - React-jsi (= 0.68.5)
    - React-perflogger (= 0.68.5)
  - React-jsinspector (0.68.5)
  - React-logger (0.68.5):
    - glog
  - React-perflogger (0.68.5)
  - React-RCTActionSheet (0.68.5):
    - React-Core/RCTActionSheetHeaders (= 0.68.5)
  - React-RCTAnimation (0.68.5):
    - RCT-Folly (= 2021.06.28.00-v2)
    - RCTTypeSafety (= 0.68.5)
    - React-Codegen (= 0.68.5)
    - React-Core/RCTAnimationHeaders (= 0.68.5)
    - React-jsi (= 0.68.5)
    - ReactCommon/turbomodule/core (= 0.68.5)
  - React-RCTBlob (0.68.5):
    - RCT-Folly (= 2021.06.28.00-v2)
    - React-Codegen (= 0.68.5)
    - React-Core/RCTBlobHeaders (= 0.68.5)
    - React-Core/RCTWebSocket (= 0.68.5)
    - React-jsi (= 0.68.5)
    - React-RCTNetwork (= 0.68.5)
    - ReactCommon/turbomodule/core (= 0.68.5)
  - React-RCTImage (0.68.5):
    - RCT-Folly (= 2021.06.28.00-v2)
    - RCTTypeSafety (= 0.68.5)
    - React-Codegen (= 0.68.5)
    - React-Core/RCTImageHeaders (= 0.68.5)
    - React-jsi (= 0.68.5)
    - React-RCTNetwork (= 0.68.5)
    - ReactCommon/turbomodule/core (= 0.68.5)
  - React-RCTLinking (0.68.5):
    - React-Codegen (= 0.68.5)
    - React-Core/RCTLinkingHeaders (= 0.68.5)
    - React-jsi (= 0.68.5)
    - ReactCommon/turbomodule/core (= 0.68.5)
  - React-RCTNetwork (0.68.5):
    - RCT-Folly (= 2021.06.28.00-v2)
    - RCTTypeSafety (= 0.68.5)
    - React-Codegen (= 0.68.5)
    - React-Core/RCTNetworkHeaders (= 0.68.5)
    - React-jsi (= 0.68.5)
    - ReactCommon/turbomodule/core (= 0.68.5)
  - React-RCTSettings (0.68.5):
    - RCT-Folly (= 2021.06.28.00-v2)
    - RCTTypeSafety (= 0.68.5)
    - React-Codegen (= 0.68.5)
    - React-Core/RCTSettingsHeaders (= 0.68.5)
    - React-jsi (= 0.68.5)
    - ReactCommon/turbomodule/core (= 0.68.5)
  - React-RCTText (0.68.5):
    - React-Core/RCTTextHeaders (= 0.68.5)
  - React-RCTVibration (0.68.5):
    - RCT-Folly (= 2021.06.28.00-v2)
    - React-Codegen (= 0.68.5)
    - React-Core/RCTVibrationHeaders (= 0.68.5)
    - React-jsi (= 0.68.5)
    - ReactCommon/turbomodule/core (= 0.68.5)
  - React-runtimeexecutor (0.68.5):
    - React-jsi (= 0.68.5)
  - ReactCommon/turbomodule/core (0.68.5):
    - DoubleConversion
    - glog
    - RCT-Folly (= 2021.06.28.00-v2)
    - React-callinvoker (= 0.68.5)
    - React-Core (= 0.68.5)
    - React-cxxreact (= 0.68.5)
    - React-jsi (= 0.68.5)
    - React-logger (= 0.68.5)
    - React-perflogger (= 0.68.5)
  - simdjson (1.0.0)
  - WatermelonDB (0.25.1):
    - React
    - React-jsi
  - Yoga (1.14.0)

DEPENDENCIES:
  - boost (from `../../node_modules/react-native/third-party-podspecs/boost.podspec`)
  - DoubleConversion (from `../../node_modules/react-native/third-party-podspecs/DoubleConversion.podspec`)
  - FBLazyVector (from `../../node_modules/react-native/Libraries/FBLazyVector`)
  - FBReactNativeSpec (from `../../node_modules/react-native/React/FBReactNativeSpec`)
  - glog (from `../../node_modules/react-native/third-party-podspecs/glog.podspec`)
  - RCT-Folly (from `../../node_modules/react-native/third-party-podspecs/RCT-Folly.podspec`)
  - RCTRequired (from `../../node_modules/react-native/Libraries/RCTRequired`)
  - RCTTypeSafety (from `../../node_modules/react-native/Libraries/TypeSafety`)
  - React (from `../../node_modules/react-native/`)
  - React-callinvoker (from `../../node_modules/react-native/ReactCommon/callinvoker`)
  - React-Codegen (from `build/generated/ios`)
  - React-Core (from `../../node_modules/react-native/`)
  - React-Core/DevSupport (from `../../node_modules/react-native/`)
  - React-Core/RCTWebSocket (from `../../node_modules/react-native/`)
  - React-CoreModules (from `../../node_modules/react-native/React/CoreModules`)
  - React-cxxreact (from `../../node_modules/react-native/ReactCommon/cxxreact`)
  - React-jsi (from `../../node_modules/react-native/ReactCommon/jsi`)
  - React-jsiexecutor (from `../../node_modules/react-native/ReactCommon/jsiexecutor`)
  - React-jsinspector (from `../../node_modules/react-native/ReactCommon/jsinspector`)
  - React-logger (from `../../node_modules/react-native/ReactCommon/logger`)
  - React-perflogger (from `../../node_modules/react-native/ReactCommon/reactperflogger`)
  - React-RCTActionSheet (from `../../node_modules/react-native/Libraries/ActionSheetIOS`)
  - React-RCTAnimation (from `../../node_modules/react-native/Libraries/NativeAnimation`)
  - React-RCTBlob (from `../../node_modules/react-native/Libraries/Blob`)
  - React-RCTImage (from `../../node_modules/react-native/Libraries/Image`)
  - React-RCTLinking (from `../../node_modules/react-native/Libraries/LinkingIOS`)
  - React-RCTNetwork (from `../../node_modules/react-native/Libraries/Network`)
  - React-RCTSettings (from `../../node_modules/react-native/Libraries/Settings`)
  - React-RCTText (from `../../node_modules/react-native/Libraries/Text`)
  - React-RCTVibration (from `../../node_modules/react-native/Libraries/Vibration`)
  - React-runtimeexecutor (from `../../node_modules/react-native/ReactCommon/runtimeexecutor`)
  - ReactCommon/turbomodule/core (from `../../node_modules/react-native/ReactCommon`)
  - "simdjson (from `../../node_modules/@nozbe/simdjson`)"
  - WatermelonDB (from `../../`)
  - Yoga (from `../../node_modules/react-native/ReactCommon/yoga`)

SPEC REPOS:
  https://github.com/CocoaPods/Specs.git:
    - fmt

EXTERNAL SOURCES:
  boost:
    :podspec: "../../node_modules/react-native/third-party-podspecs/boost.podspec"
  DoubleConversion:
    :podspec: "../../node_modules/react-native/third-party-podspecs/DoubleConversion.podspec"
  FBLazyVector:
    :path: "../../node_modules/react-native/Libraries/FBLazyVector"
  FBReactNativeSpec:
    :path: "../../node_modules/react-native/React/FBReactNativeSpec"
  glog:
    :podspec: "../../node_modules/react-native/third-party-podspecs/glog.podspec"
  RCT-Folly:
    :podspec: "../../node_modules/react-native/third-party-podspecs/RCT-Folly.podspec"
  RCTRequired:
    :path: "../../node_modules/react-native/Libraries/RCTRequired"
  RCTTypeSafety:
    :path: "../../node_modules/react-native/Libraries/TypeSafety"
  React:
    :path: "../../node_modules/react-native/"
  React-callinvoker:
    :path: "../../node_modules/react-native/ReactCommon/callinvoker"
  React-Codegen:
    :path: build/generated/ios
  React-Core:
    :path: "../../node_modules/react-native/"
  React-CoreModules:
    :path: "../../node_modules/react-native/React/CoreModules"
  React-cxxreact:
    :path: "../../node_modules/react-native/ReactCommon/cxxreact"
  React-jsi:
    :path: "../../node_modules/react-native/ReactCommon/jsi"
  React-jsiexecutor:
    :path: "../../node_modules/react-native/ReactCommon/jsiexecutor"
  React-jsinspector:
    :path: "../../node_modules/react-native/ReactCommon/jsinspector"
  React-logger:
    :path: "../../node_modules/react-native/ReactCommon/logger"
  React-perflogger:
    :path: "../../node_modules/react-native/ReactCommon/reactperflogger"
  React-RCTActionSheet:
    :path: "../../node_modules/react-native/Libraries/ActionSheetIOS"
  React-RCTAnimation:
    :path: "../../node_modules/react-native/Libraries/NativeAnimation"
  React-RCTBlob:
    :path: "../../node_modules/react-native/Libraries/Blob"
  React-RCTImage:
    :path: "../../node_modules/react-native/Libraries/Image"
  React-RCTLinking:
    :path: "../../node_modules/react-native/Libraries/LinkingIOS"
  React-RCTNetwork:
    :path: "../../node_modules/react-native/Libraries/Network"
  React-RCTSettings:
    :path: "../../node_modules/react-native/Libraries/Settings"
  React-RCTText:
    :path: "../../node_modules/react-native/Libraries/Text"
  React-RCTVibration:
    :path: "../../node_modules/react-native/Libraries/Vibration"
  React-runtimeexecutor:
    :path: "../../node_modules/react-native/ReactCommon/runtimeexecutor"
  ReactCommon:
    :path: "../../node_modules/react-native/ReactCommon"
  simdjson:
    :path: "../../node_modules/@nozbe/simdjson"
  WatermelonDB:
    :path: "../../"
  Yoga:
    :path: "../../node_modules/react-native/ReactCommon/yoga"

SPEC CHECKSUMS:
  boost: a7c83b31436843459a1961bfd74b96033dc77234
  DoubleConversion: cde416483dac037923206447da6e1454df403714
  FBLazyVector: 2b47ff52037bd9ae07cc9b051c9975797814b736
  FBReactNativeSpec: 2a4e9b6a8d2f70fb66e1191ef5fefcb84f380de7
  fmt: ff9d55029c625d3757ed641535fd4a75fedc7ce9
  glog: 40a13f7840415b9a77023fbcae0f1e6f43192af3
  RCT-Folly: a21c126816d8025b547704b777a2ba552f3d9fa9
  RCTRequired: 0f06b6068f530932d10e1a01a5352fad4eaacb74
  RCTTypeSafety: b0ee81f10ef1b7d977605a2b266823dabd565e65
  React: 3becd12bd51ea8a43bdde7e09d0f40fba7820e03
  React-callinvoker: 11abfff50e6bf7a55b3a90b4dc2187f71f224593
  React-Codegen: f8946ce0768fb8e92e092e30944489c4b2955b2d
  React-Core: 203cdb6ee2657b198d97d41031c249161060e6ca
  React-CoreModules: 6eb0c06a4a223fde2cb6a8d0f44f58b67e808942
  React-cxxreact: afb0c6c07d19adbd850747fedeac20c6832d40b9
  React-jsi: 14d37a6db2af2c1a49f6f5c2e4ee667c364ae45c
  React-jsiexecutor: 45c0496ca8cef6b02d9fa0274c25cf458fe91a56
  React-jsinspector: eb202e43b3879aba9a14f3f65788aec85d4e1ea9
  React-logger: 98f663b292a60967ebbc6d803ae96c1381183b6d
  React-perflogger: 0458a87ea9a7342079e7a31b0d32b3734fb8415f
  React-RCTActionSheet: 22538001ea2926dea001111dd2846c13a0730bc9
  React-RCTAnimation: 732ce66878d4aa151d56a0d142b1105aa12fd313
  React-RCTBlob: 9cb9e3e9a41d27be34aaf89b0e0f52c7ca415d57
  React-RCTImage: 6bd16627eb9c4bb79903c4cdec7c551266ee1a5b
  React-RCTLinking: e9edfc8919c8fa9a3f3c7b34362811f58a2ebba4
  React-RCTNetwork: 880eccd21bbe2660a0b63da5ccba75c46eceeaa6
  React-RCTSettings: 8c85d8188c97d6c6bd470af6631a6c4555b79bb3
  React-RCTText: bbd275ee287730c5acbab1aadc0db39c25c5c64e
  React-RCTVibration: 9819a3bf6230e4b2a99877c21268b0b2416157a1
  React-runtimeexecutor: b1f1995089b90696dbc2a7ffe0059a80db5c8eb1
  ReactCommon: 149e2c0acab9bac61378da0db5b2880a1b5ff59b
  simdjson: c96317b3a50dff3468a42f586ab7ed22c6ab2fd9
  WatermelonDB: cce0b748ccbd7a71c161e8545b5f6357a0945be1
  Yoga: c4d61225a466f250c35c1ee78d2d0b3d41fe661c

PODFILE CHECKSUM: 834f6cf3e9d87b72da8acc4afbf98fe9b3f09a1d

COCOAPODS: 1.11.2
