PODS:
  - boost (1.76.0)
  - DoubleConversion (1.1.6)
  - FBLazyVector (0.71.19)
  - FBReactNativeSpec (0.71.19):
    - RCT-Folly (= 2021.07.22.00)
    - RCTRequired (= 0.71.19)
    - RCTTypeSafety (= 0.71.19)
    - React-Core (= 0.71.19)
    - React-jsi (= 0.71.19)
    - ReactCommon/turbomodule/core (= 0.71.19)
  - fmt (6.2.1)
  - glog (0.3.5)
  - hermes-engine (0.71.19):
    - hermes-engine/Pre-built (= 0.71.19)
  - hermes-engine/Pre-built (0.71.19)
  - libevent (2.1.12)
  - RCT-Folly (2021.07.22.00):
    - boost
    - DoubleConversion
    - fmt (~> 6.2.1)
    - glog
    - RCT-Folly/Default (= 2021.07.22.00)
  - RCT-Folly/Default (2021.07.22.00):
    - boost
    - DoubleConversion
    - fmt (~> 6.2.1)
    - glog
  - RCT-Folly/Futures (2021.07.22.00):
    - boost
    - DoubleConversion
    - fmt (~> 6.2.1)
    - glog
    - libevent
  - RCTRequired (0.71.19)
  - RCTTypeSafety (0.71.19):
    - FBLazyVector (= 0.71.19)
    - RCTRequired (= 0.71.19)
    - React-Core (= 0.71.19)
  - React (0.71.19):
    - React-Core (= 0.71.19)
    - React-Core/DevSupport (= 0.71.19)
    - React-Core/RCTWebSocket (= 0.71.19)
    - React-RCTActionSheet (= 0.71.19)
    - React-RCTAnimation (= 0.71.19)
    - React-RCTBlob (= 0.71.19)
    - React-RCTImage (= 0.71.19)
    - React-RCTLinking (= 0.71.19)
    - React-RCTNetwork (= 0.71.19)
    - React-RCTSettings (= 0.71.19)
    - React-RCTText (= 0.71.19)
    - React-RCTVibration (= 0.71.19)
  - React-callinvoker (0.71.19)
  - React-Codegen (0.71.19):
    - FBReactNativeSpec
    - hermes-engine
    - RCT-Folly
    - RCTRequired
    - RCTTypeSafety
    - React-Core
    - React-jsi
    - React-jsiexecutor
    - ReactCommon/turbomodule/bridging
    - ReactCommon/turbomodule/core
  - React-Core (0.71.19):
    - glog
    - hermes-engine
    - RCT-Folly (= 2021.07.22.00)
    - React-Core/Default (= 0.71.19)
    - React-cxxreact (= 0.71.19)
    - React-hermes
    - React-jsi (= 0.71.19)
    - React-jsiexecutor (= 0.71.19)
    - React-perflogger (= 0.71.19)
    - Yoga
  - React-Core/CoreModulesHeaders (0.71.19):
    - glog
    - hermes-engine
    - RCT-Folly (= 2021.07.22.00)
    - React-Core/Default
    - React-cxxreact (= 0.71.19)
    - React-hermes
    - React-jsi (= 0.71.19)
    - React-jsiexecutor (= 0.71.19)
    - React-perflogger (= 0.71.19)
    - Yoga
  - React-Core/Default (0.71.19):
    - glog
    - hermes-engine
    - RCT-Folly (= 2021.07.22.00)
    - React-cxxreact (= 0.71.19)
    - React-hermes
    - React-jsi (= 0.71.19)
    - React-jsiexecutor (= 0.71.19)
    - React-perflogger (= 0.71.19)
    - Yoga
  - React-Core/DevSupport (0.71.19):
    - glog
    - hermes-engine
    - RCT-Folly (= 2021.07.22.00)
    - React-Core/Default (= 0.71.19)
    - React-Core/RCTWebSocket (= 0.71.19)
    - React-cxxreact (= 0.71.19)
    - React-hermes
    - React-jsi (= 0.71.19)
    - React-jsiexecutor (= 0.71.19)
    - React-jsinspector (= 0.71.19)
    - React-perflogger (= 0.71.19)
    - Yoga
  - React-Core/RCTActionSheetHeaders (0.71.19):
    - glog
    - hermes-engine
    - RCT-Folly (= 2021.07.22.00)
    - React-Core/Default
    - React-cxxreact (= 0.71.19)
    - React-hermes
    - React-jsi (= 0.71.19)
    - React-jsiexecutor (= 0.71.19)
    - React-perflogger (= 0.71.19)
    - Yoga
  - React-Core/RCTAnimationHeaders (0.71.19):
    - glog
    - hermes-engine
    - RCT-Folly (= 2021.07.22.00)
    - React-Core/Default
    - React-cxxreact (= 0.71.19)
    - React-hermes
    - React-jsi (= 0.71.19)
    - React-jsiexecutor (= 0.71.19)
    - React-perflogger (= 0.71.19)
    - Yoga
  - React-Core/RCTBlobHeaders (0.71.19):
    - glog
    - hermes-engine
    - RCT-Folly (= 2021.07.22.00)
    - React-Core/Default
    - React-cxxreact (= 0.71.19)
    - React-hermes
    - React-jsi (= 0.71.19)
    - React-jsiexecutor (= 0.71.19)
    - React-perflogger (= 0.71.19)
    - Yoga
  - React-Core/RCTImageHeaders (0.71.19):
    - glog
    - hermes-engine
    - RCT-Folly (= 2021.07.22.00)
    - React-Core/Default
    - React-cxxreact (= 0.71.19)
    - React-hermes
    - React-jsi (= 0.71.19)
    - React-jsiexecutor (= 0.71.19)
    - React-perflogger (= 0.71.19)
    - Yoga
  - React-Core/RCTLinkingHeaders (0.71.19):
    - glog
    - hermes-engine
    - RCT-Folly (= 2021.07.22.00)
    - React-Core/Default
    - React-cxxreact (= 0.71.19)
    - React-hermes
    - React-jsi (= 0.71.19)
    - React-jsiexecutor (= 0.71.19)
    - React-perflogger (= 0.71.19)
    - Yoga
  - React-Core/RCTNetworkHeaders (0.71.19):
    - glog
    - hermes-engine
    - RCT-Folly (= 2021.07.22.00)
    - React-Core/Default
    - React-cxxreact (= 0.71.19)
    - React-hermes
    - React-jsi (= 0.71.19)
    - React-jsiexecutor (= 0.71.19)
    - React-perflogger (= 0.71.19)
    - Yoga
  - React-Core/RCTSettingsHeaders (0.71.19):
    - glog
    - hermes-engine
    - RCT-Folly (= 2021.07.22.00)
    - React-Core/Default
    - React-cxxreact (= 0.71.19)
    - React-hermes
    - React-jsi (= 0.71.19)
    - React-jsiexecutor (= 0.71.19)
    - React-perflogger (= 0.71.19)
    - Yoga
  - React-Core/RCTTextHeaders (0.71.19):
    - glog
    - hermes-engine
    - RCT-Folly (= 2021.07.22.00)
    - React-Core/Default
    - React-cxxreact (= 0.71.19)
    - React-hermes
    - React-jsi (= 0.71.19)
    - React-jsiexecutor (= 0.71.19)
    - React-perflogger (= 0.71.19)
    - Yoga
  - React-Core/RCTVibrationHeaders (0.71.19):
    - glog
    - hermes-engine
    - RCT-Folly (= 2021.07.22.00)
    - React-Core/Default
    - React-cxxreact (= 0.71.19)
    - React-hermes
    - React-jsi (= 0.71.19)
    - React-jsiexecutor (= 0.71.19)
    - React-perflogger (= 0.71.19)
    - Yoga
  - React-Core/RCTWebSocket (0.71.19):
    - glog
    - hermes-engine
    - RCT-Folly (= 2021.07.22.00)
    - React-Core/Default (= 0.71.19)
    - React-cxxreact (= 0.71.19)
    - React-hermes
    - React-jsi (= 0.71.19)
    - React-jsiexecutor (= 0.71.19)
    - React-perflogger (= 0.71.19)
    - Yoga
  - React-CoreModules (0.71.19):
    - RCT-Folly (= 2021.07.22.00)
    - RCTTypeSafety (= 0.71.19)
    - React-Codegen (= 0.71.19)
    - React-Core/CoreModulesHeaders (= 0.71.19)
    - React-jsi (= 0.71.19)
    - React-RCTBlob
    - React-RCTImage (= 0.71.19)
    - ReactCommon/turbomodule/core (= 0.71.19)
  - React-cxxreact (0.71.19):
    - boost (= 1.76.0)
    - DoubleConversion
    - glog
    - hermes-engine
    - RCT-Folly (= 2021.07.22.00)
    - React-callinvoker (= 0.71.19)
    - React-jsi (= 0.71.19)
    - React-jsinspector (= 0.71.19)
    - React-logger (= 0.71.19)
    - React-perflogger (= 0.71.19)
    - React-runtimeexecutor (= 0.71.19)
  - React-hermes (0.71.19):
    - DoubleConversion
    - glog
    - hermes-engine
    - RCT-Folly (= 2021.07.22.00)
    - RCT-Folly/Futures (= 2021.07.22.00)
    - React-cxxreact (= 0.71.19)
    - React-jsi
    - React-jsiexecutor (= 0.71.19)
    - React-jsinspector (= 0.71.19)
    - React-perflogger (= 0.71.19)
  - React-jsi (0.71.19):
    - boost (= 1.76.0)
    - DoubleConversion
    - glog
    - hermes-engine
    - RCT-Folly (= 2021.07.22.00)
  - React-jsiexecutor (0.71.19):
    - DoubleConversion
    - glog
    - hermes-engine
    - RCT-Folly (= 2021.07.22.00)
    - React-cxxreact (= 0.71.19)
    - React-jsi (= 0.71.19)
    - React-perflogger (= 0.71.19)
  - React-jsinspector (0.71.19)
  - React-logger (0.71.19):
    - glog
  - React-perflogger (0.71.19)
  - React-RCTActionSheet (0.71.19):
    - React-Core/RCTActionSheetHeaders (= 0.71.19)
  - React-RCTAnimation (0.71.19):
    - RCT-Folly (= 2021.07.22.00)
    - RCTTypeSafety (= 0.71.19)
    - React-Codegen (= 0.71.19)
    - React-Core/RCTAnimationHeaders (= 0.71.19)
    - React-jsi (= 0.71.19)
    - ReactCommon/turbomodule/core (= 0.71.19)
  - React-RCTAppDelegate (0.71.19):
    - RCT-Folly
    - RCTRequired
    - RCTTypeSafety
    - React-Core
    - ReactCommon/turbomodule/core
  - React-RCTBlob (0.71.19):
    - hermes-engine
    - RCT-Folly (= 2021.07.22.00)
    - React-Codegen (= 0.71.19)
    - React-Core/RCTBlobHeaders (= 0.71.19)
    - React-Core/RCTWebSocket (= 0.71.19)
    - React-jsi (= 0.71.19)
    - React-RCTNetwork (= 0.71.19)
    - ReactCommon/turbomodule/core (= 0.71.19)
  - React-RCTImage (0.71.19):
    - RCT-Folly (= 2021.07.22.00)
    - RCTTypeSafety (= 0.71.19)
    - React-Codegen (= 0.71.19)
    - React-Core/RCTImageHeaders (= 0.71.19)
    - React-jsi (= 0.71.19)
    - React-RCTNetwork (= 0.71.19)
    - ReactCommon/turbomodule/core (= 0.71.19)
  - React-RCTLinking (0.71.19):
    - React-Codegen (= 0.71.19)
    - React-Core/RCTLinkingHeaders (= 0.71.19)
    - React-jsi (= 0.71.19)
    - ReactCommon/turbomodule/core (= 0.71.19)
  - React-RCTNetwork (0.71.19):
    - RCT-Folly (= 2021.07.22.00)
    - RCTTypeSafety (= 0.71.19)
    - React-Codegen (= 0.71.19)
    - React-Core/RCTNetworkHeaders (= 0.71.19)
    - React-jsi (= 0.71.19)
    - ReactCommon/turbomodule/core (= 0.71.19)
  - React-RCTSettings (0.71.19):
    - RCT-Folly (= 2021.07.22.00)
    - RCTTypeSafety (= 0.71.19)
    - React-Codegen (= 0.71.19)
    - React-Core/RCTSettingsHeaders (= 0.71.19)
    - React-jsi (= 0.71.19)
    - ReactCommon/turbomodule/core (= 0.71.19)
  - React-RCTText (0.71.19):
    - React-Core/RCTTextHeaders (= 0.71.19)
  - React-RCTVibration (0.71.19):
    - RCT-Folly (= 2021.07.22.00)
    - React-Codegen (= 0.71.19)
    - React-Core/RCTVibrationHeaders (= 0.71.19)
    - React-jsi (= 0.71.19)
    - ReactCommon/turbomodule/core (= 0.71.19)
  - React-runtimeexecutor (0.71.19):
    - React-jsi (= 0.71.19)
  - ReactCommon/turbomodule/bridging (0.71.19):
    - DoubleConversion
    - glog
    - hermes-engine
    - RCT-Folly (= 2021.07.22.00)
    - React-callinvoker (= 0.71.19)
    - React-Core (= 0.71.19)
    - React-cxxreact (= 0.71.19)
    - React-jsi (= 0.71.19)
    - React-logger (= 0.71.19)
    - React-perflogger (= 0.71.19)
  - ReactCommon/turbomodule/core (0.71.19):
    - DoubleConversion
    - glog
    - hermes-engine
    - RCT-Folly (= 2021.07.22.00)
    - React-callinvoker (= 0.71.19)
    - React-Core (= 0.71.19)
    - React-cxxreact (= 0.71.19)
    - React-jsi (= 0.71.19)
    - React-logger (= 0.71.19)
    - React-perflogger (= 0.71.19)
  - simdjson (3.9.4)
  - WatermelonDB (0.28.0-0):
    - React
    - simdjson
  - Yoga (1.14.0)

DEPENDENCIES:
  - boost (from `../../node_modules/react-native/third-party-podspecs/boost.podspec`)
  - DoubleConversion (from `../../node_modules/react-native/third-party-podspecs/DoubleConversion.podspec`)
  - FBLazyVector (from `../../node_modules/react-native/Libraries/FBLazyVector`)
  - FBReactNativeSpec (from `../../node_modules/react-native/React/FBReactNativeSpec`)
  - glog (from `../../node_modules/react-native/third-party-podspecs/glog.podspec`)
  - hermes-engine (from `../../node_modules/react-native/sdks/hermes-engine/hermes-engine.podspec`)
  - libevent (~> 2.1.12)
  - RCT-Folly (from `../../node_modules/react-native/third-party-podspecs/RCT-Folly.podspec`)
  - RCTRequired (from `../../node_modules/react-native/Libraries/RCTRequired`)
  - RCTTypeSafety (from `../../node_modules/react-native/Libraries/TypeSafety`)
  - React (from `../../node_modules/react-native/`)
  - React-callinvoker (from `../../node_modules/react-native/ReactCommon/callinvoker`)
  - React-Codegen (from `build/generated/ios`)
  - React-Core (from `../../node_modules/react-native/`)
  - React-Core/RCTWebSocket (from `../../node_modules/react-native/`)
  - React-CoreModules (from `../../node_modules/react-native/React/CoreModules`)
  - React-cxxreact (from `../../node_modules/react-native/ReactCommon/cxxreact`)
  - React-hermes (from `../../node_modules/react-native/ReactCommon/hermes`)
  - React-jsi (from `../../node_modules/react-native/ReactCommon/jsi`)
  - React-jsiexecutor (from `../../node_modules/react-native/ReactCommon/jsiexecutor`)
  - React-jsinspector (from `../../node_modules/react-native/ReactCommon/jsinspector`)
  - React-logger (from `../../node_modules/react-native/ReactCommon/logger`)
  - React-perflogger (from `../../node_modules/react-native/ReactCommon/reactperflogger`)
  - React-RCTActionSheet (from `../../node_modules/react-native/Libraries/ActionSheetIOS`)
  - React-RCTAnimation (from `../../node_modules/react-native/Libraries/NativeAnimation`)
  - React-RCTAppDelegate (from `../../node_modules/react-native/Libraries/AppDelegate`)
  - React-RCTBlob (from `../../node_modules/react-native/Libraries/Blob`)
  - React-RCTImage (from `../../node_modules/react-native/Libraries/Image`)
  - React-RCTLinking (from `../../node_modules/react-native/Libraries/LinkingIOS`)
  - React-RCTNetwork (from `../../node_modules/react-native/Libraries/Network`)
  - React-RCTSettings (from `../../node_modules/react-native/Libraries/Settings`)
  - React-RCTText (from `../../node_modules/react-native/Libraries/Text`)
  - React-RCTVibration (from `../../node_modules/react-native/Libraries/Vibration`)
  - React-runtimeexecutor (from `../../node_modules/react-native/ReactCommon/runtimeexecutor`)
  - ReactCommon/turbomodule/core (from `../../node_modules/react-native/ReactCommon`)
  - "simdjson (from `../../node_modules/@nozbe/simdjson`)"
  - WatermelonDB (from `../../`)
  - Yoga (from `../../node_modules/react-native/ReactCommon/yoga`)

SPEC REPOS:
  trunk:
    - fmt
    - libevent

EXTERNAL SOURCES:
  boost:
    :podspec: "../../node_modules/react-native/third-party-podspecs/boost.podspec"
  DoubleConversion:
    :podspec: "../../node_modules/react-native/third-party-podspecs/DoubleConversion.podspec"
  FBLazyVector:
    :path: "../../node_modules/react-native/Libraries/FBLazyVector"
  FBReactNativeSpec:
    :path: "../../node_modules/react-native/React/FBReactNativeSpec"
  glog:
    :podspec: "../../node_modules/react-native/third-party-podspecs/glog.podspec"
  hermes-engine:
    :podspec: "../../node_modules/react-native/sdks/hermes-engine/hermes-engine.podspec"
  RCT-Folly:
    :podspec: "../../node_modules/react-native/third-party-podspecs/RCT-Folly.podspec"
  RCTRequired:
    :path: "../../node_modules/react-native/Libraries/RCTRequired"
  RCTTypeSafety:
    :path: "../../node_modules/react-native/Libraries/TypeSafety"
  React:
    :path: "../../node_modules/react-native/"
  React-callinvoker:
    :path: "../../node_modules/react-native/ReactCommon/callinvoker"
  React-Codegen:
    :path: build/generated/ios
  React-Core:
    :path: "../../node_modules/react-native/"
  React-CoreModules:
    :path: "../../node_modules/react-native/React/CoreModules"
  React-cxxreact:
    :path: "../../node_modules/react-native/ReactCommon/cxxreact"
  React-hermes:
    :path: "../../node_modules/react-native/ReactCommon/hermes"
  React-jsi:
    :path: "../../node_modules/react-native/ReactCommon/jsi"
  React-jsiexecutor:
    :path: "../../node_modules/react-native/ReactCommon/jsiexecutor"
  React-jsinspector:
    :path: "../../node_modules/react-native/ReactCommon/jsinspector"
  React-logger:
    :path: "../../node_modules/react-native/ReactCommon/logger"
  React-perflogger:
    :path: "../../node_modules/react-native/ReactCommon/reactperflogger"
  React-RCTActionSheet:
    :path: "../../node_modules/react-native/Libraries/ActionSheetIOS"
  React-RCTAnimation:
    :path: "../../node_modules/react-native/Libraries/NativeAnimation"
  React-RCTAppDelegate:
    :path: "../../node_modules/react-native/Libraries/AppDelegate"
  React-RCTBlob:
    :path: "../../node_modules/react-native/Libraries/Blob"
  React-RCTImage:
    :path: "../../node_modules/react-native/Libraries/Image"
  React-RCTLinking:
    :path: "../../node_modules/react-native/Libraries/LinkingIOS"
  React-RCTNetwork:
    :path: "../../node_modules/react-native/Libraries/Network"
  React-RCTSettings:
    :path: "../../node_modules/react-native/Libraries/Settings"
  React-RCTText:
    :path: "../../node_modules/react-native/Libraries/Text"
  React-RCTVibration:
    :path: "../../node_modules/react-native/Libraries/Vibration"
  React-runtimeexecutor:
    :path: "../../node_modules/react-native/ReactCommon/runtimeexecutor"
  ReactCommon:
    :path: "../../node_modules/react-native/ReactCommon"
  simdjson:
    :path: "../../node_modules/@nozbe/simdjson"
  WatermelonDB:
    :path: "../../"
  Yoga:
    :path: "../../node_modules/react-native/ReactCommon/yoga"

SPEC CHECKSUMS:
  boost: 57d2868c099736d80fcd648bf211b4431e51a558
  DoubleConversion: 5189b271737e1565bdce30deb4a08d647e3f5f54
  FBLazyVector: 038aa5ab388c9eec7a6a65b71596afd9ff99c949
  FBReactNativeSpec: 3fc271b9a6214e35593742ab2f589028e6bcd2f8
  fmt: ff9d55029c625d3757ed641535fd4a75fedc7ce9
  glog: 04b94705f318337d7ead9e6d17c019bd9b1f6b1b
  hermes-engine: 1468b458e81705fcd55ed6e29c32ff069f04b69c
  libevent: 4049cae6c81cdb3654a443be001fb9bdceff7913
  RCT-Folly: 424b8c9a7a0b9ab2886ffe9c3b041ef628fd4fb1
  RCTRequired: 79b5f823c2b4b865451ba9ddb33c676786760ea8
  RCTTypeSafety: 4f6d5414413d8848923ccd448c4cef4b6ffcd403
  React: d277ab7d840987a460690fcbe979e9234785ad63
  React-callinvoker: 2d15c3bc682ef720a9a23428606aab643df74622
  React-Codegen: f00947eb19953c13e78c38d73233706e4d6f9bcb
  React-Core: b3d9f6a3a406fb3a6ee84f98df0a3e45df3aed99
  React-CoreModules: a70aed68d7cf8bb94f368cbfc8da02d9586e6a65
  React-cxxreact: 12d097fb82c333c4a193cd2cd2111b0295257453
  React-hermes: fa22fb2131e784d87105343833d88c1dc6971676
  React-jsi: a7a06cf56e5af973a35972aa57443629d5621aed
  React-jsiexecutor: 7263801e44e004967685dd40672bfcedcda00834
  React-jsinspector: e591d9ecb571456fc929ee10409d8847a442d6a7
  React-logger: 70ddbe0e07179c8adb94c4bffc36c6abc952d3d4
  React-perflogger: 0ba097528e325435aca94b32b5330f58f6acb6fb
  React-RCTActionSheet: 805b3a83f3dd7ae5a1213ea9df0ed748eeb74b85
  React-RCTAnimation: 2a0233681dee47e468302b8233652b35b68329cb
  React-RCTAppDelegate: 3171d94d0ce2ed7fcf982689cd6bbaf4a8721ce8
  React-RCTBlob: 8c6962fcab4a5a3d0078a3a4a98bb914a7703abf
  React-RCTImage: 015ce2b9d2ad78c24deee5c807d88574225974f3
  React-RCTLinking: 6dd57d2d99ecdf6ee016c5a742ed9b68cdc8680a
  React-RCTNetwork: f14e9681496cd394196c2417966769d10b45e674
  React-RCTSettings: ce9d4d7dda6ad00acb1460a1a3a286d7e4e950bd
  React-RCTText: 4cbca7004176dd0ed495afa60a3978acf040059d
  React-RCTVibration: 5b2bfab941e938ee5060acefdd7598077b394975
  React-runtimeexecutor: b9be1f58ce9a8b849cb8a37dd998f04ca97e3619
  ReactCommon: bb3d7051c9b8c58ee34f9af76f883bd0fd7c9c31
  simdjson: 7bb9e33d87737cec966e7b427773c67baa4458fe
  WatermelonDB: 9d081fc01426c62a852de3d25385493e95625e7c
  Yoga: d4f5b037672e6b68ba484c7cf7fe6790122df792

PODFILE CHECKSUM: 116b56c876676728efaa36863dc707249af2f50f

COCOAPODS: 1.15.2
