# THIS IS AN AUTOGENERATED FILE. DO NOT EDIT THIS FILE DIRECTLY.
# yarn lockfile v1


"@babel/runtime@^7.11.2":
  version "7.20.13"
  resolved "https://registry.yarnpkg.com/@babel/runtime/-/runtime-7.20.13.tgz#7055ab8a7cff2b8f6058bf6ae45ff84ad2aded4b"
  integrity sha512-gt3PKXs0DBoL9xCvOIIZ2NEqAGZqHjAnmVbfQtB620V0uReIQutpel14KcneZuer7UioY8ALKZ7iocavvzTNFA==
  dependencies:
    regenerator-runtime "^0.13.11"

"@nozbe/simdjson@1.0.0":
  version "1.0.0"
  resolved "https://registry.yarnpkg.com/@nozbe/simdjson/-/simdjson-1.0.0.tgz#9327962214c98e046bea44d0d56a70e10d9d7ce8"
  integrity sha512-lm/MNUneznK65NNbmvawOn+OFYMjeBga+xEBACda4hTpZBnJhIgfLIxpYvx40sIeihRX0v7WiEB7VwQO9FIMAg==

"@nozbe/sqlite@3.36.0":
  version "3.36.0"
  resolved "https://registry.yarnpkg.com/@nozbe/sqlite/-/sqlite-3.36.0.tgz#80a46f8cb4a502a068ec1a5bef665dd65350ea7c"
  integrity sha512-wKTFGvgf5V+bYlhXdukOWKH0XgdG0NmUQwLWG7w5Yk4EUeQS29D5uWPCeWT1Ac/NzDKuHsYP6KVOJDbJSauAAg==

"@nozbe/watermelondb@link:../../dist":
  version "0.0.0"
  uid ""

"@nozbe/with-observables@1.4.1":
  version "1.4.1"
  resolved "https://registry.yarnpkg.com/@nozbe/with-observables/-/with-observables-1.4.1.tgz#e24680e57ae235e53db6ed7600494d7d0a8d36c2"
  integrity sha512-xsYrSeSzelFiWF/BXFZW+khFAqJdet22Egt6nhVLHGF2GmYbV5kxv8om0Wh2om4OXK6IM0UAU3pwk+nX5GLsUw==
  dependencies:
    hoist-non-react-statics "^3.3.2"

"@types/lokijs@^1.5.3":
  version "1.5.3"
  resolved "https://registry.yarnpkg.com/@types/lokijs/-/lokijs-1.5.3.tgz#e45db0b35e53ec09a4c2ff4f253037abd56be151"
  integrity sha512-ssiP6F7rpDqlaOzo+0Y/0dkVH2JiAjc+o7n6M4pFnfAMscf+7FthqS0cobvGJEJvxmzp4PWfMOfe0q3VETtrgQ==

hoist-non-react-statics@^3.3.2:
  version "3.3.2"
  resolved "https://registry.yarnpkg.com/hoist-non-react-statics/-/hoist-non-react-statics-3.3.2.tgz#ece0acaf71d62c2969c2ec59feff42a4b1a85b45"
  integrity sha512-/gGivxi8JPKWNm/W0jSmzcMPpfpPLc3dY/6GxhX2hQ9iGj3aDfklV4ET7NjKpSinLpJ5vafa9iiGIEZg10SfBw==
  dependencies:
    react-is "^16.7.0"

"lokijs@npm:@nozbe/lokijs@1.5.12-wmelon6":
  version "1.5.12-wmelon6"
  resolved "https://registry.yarnpkg.com/@nozbe/lokijs/-/lokijs-1.5.12-wmelon6.tgz#e457d934d614d5df80105c86314252a6e614df9b"
  integrity sha512-GXsaqY8qTJ6xdCrGyno2t+ON2aj6PrUDdvhbrkxK/0Fp12C4FGvDg1wS+voLU9BANYHEnr7KRWfItDZnQkjoAg==

react-is@^16.7.0:
  version "16.13.1"
  resolved "https://registry.yarnpkg.com/react-is/-/react-is-16.13.1.tgz#789729a4dc36de2999dc156dd6c1d9c18cea56a4"
  integrity sha512-24e6ynE2H+OKt4kqsOvNd8kBpV65zoxbA4BVsEOB3ARVWQki/DHzaUoC5KuON/BiccDaCCTZBuOcfZs70kR8bQ==

regenerator-runtime@^0.13.11:
  version "0.13.11"
  resolved "https://registry.yarnpkg.com/regenerator-runtime/-/regenerator-runtime-0.13.11.tgz#f6dca3e7ceec20590d07ada785636a90cdca17f9"
  integrity sha512-kY1AZVr2Ra+t+piVaJ4gxaFaReZVH40AKNo7UCX6W+dEwBo/2oZJzqfuN1qLq1oL45o56cPaTXELwrTh8Fpggg==

rxjs@^7.4.0:
  version "7.8.0"
  resolved "https://registry.yarnpkg.com/rxjs/-/rxjs-7.8.0.tgz#90a938862a82888ff4c7359811a595e14e1e09a4"
  integrity sha512-F2+gxDshqmIub1KdvZkaEfGDwLNpPvk9Fs6LD/MyQxNgMds/WH9OdDDXOmxUZpME+iSK3rQCctkL0DYyytUqMg==
  dependencies:
    tslib "^2.1.0"

sql-escape-string@^1.1.0:
  version "1.1.0"
  resolved "https://registry.yarnpkg.com/sql-escape-string/-/sql-escape-string-1.1.0.tgz#fe744b8514868c0eb4bfb9e4a989271d40f30eb9"
  integrity sha512-/kqO4pLZSLfV0KsBM2xkVh2S3GbjJJone37d7gYwLyP0c+REh3vnmkhQ7VwNrX76igC0OhJWpTg0ukkdef9vvA==

tslib@^2.1.0:
  version "2.4.1"
  resolved "https://registry.yarnpkg.com/tslib/-/tslib-2.4.1.tgz#0d0bfbaac2880b91e22df0768e55be9753a5b17e"
  integrity sha512-tGyy4dAjRIEwI7BzsB0lynWgOpfqjUdq91XXAlIWD2OwKBH7oCl/GZG/HT4BOHrTlPMOASlMQ7veyTqpmRcrNA==

typescript@^4.5.0:
  version "4.9.4"
  resolved "https://registry.yarnpkg.com/typescript/-/typescript-4.9.4.tgz#a2a3d2756c079abda241d75f149df9d561091e78"
  integrity sha512-Uz+dTXYzxXXbsFpM86Wh3dKCxrQqUcVMxwU54orwlJjOpO3ao8L7j5lH+dWfTwgCwIuM9GQ2kvVotzYJMXTBZg==
