# THIS IS AN AUTOGENERATED FILE. DO NOT EDIT THIS FILE DIRECTLY.
# yarn lockfile v1


"@types/lokijs@^1.5.3":
  version "1.5.3"
  resolved "https://registry.yarnpkg.com/@types/lokijs/-/lokijs-1.5.3.tgz#e45db0b35e53ec09a4c2ff4f253037abd56be151"
  integrity sha512-ssiP6F7rpDqlaOzo+0Y/0dkVH2JiAjc+o7n6M4pFnfAMscf+7FthqS0cobvGJEJvxmzp4PWfMOfe0q3VETtrgQ==

typescript@^3.8.3:
  version "3.8.3"
  resolved "https://registry.yarnpkg.com/typescript/-/typescript-3.8.3.tgz#409eb8544ea0335711205869ec458ab109ee1061"
  integrity sha512-MYlEfn5VrLNsgudQTVJeNaQFUAI7DkhnOjdpAp4T+ku1TfQClewlbSuTVHiA+8skNBgaf02TL/kLOvig4y3G8w==
